
Microsoft Visual Studio Solution File, Format Version 12.00
# Visual Studio 2013
VisualStudioVersion = 12.0.30723.0
MinimumVisualStudioVersion = 10.0.40219.1
Project("{FAE04EC0-301F-11D3-BF4B-00C04F79EFBC}") = "FurnitureSystem.Models", "FurnitureSystem\FurnitureSystem.Models.csproj", "{C8A225E8-E96E-4FD4-B8DD-729F36959856}"
EndProject
Project("{FAE04EC0-301F-11D3-BF4B-00C04F79EFBC}") = "FurnitureSystem.Data", "FurnitureSystem.Data\FurnitureSystem.Data.csproj", "{928DC2FA-787F-4DF1-B592-7392ADCDABEE}"
EndProject
Project("{FAE04EC0-301F-11D3-BF4B-00C04F79EFBC}") = "FurnitureSystem.ConsoleClient", "FurnitureSystem.ConsoleClient\FurnitureSystem.ConsoleClient.csproj", "{2CBF7F62-CE6E-45FD-B6AC-CC1A1684738B}"
EndProject
Project("{FAE04EC0-301F-11D3-BF4B-00C04F79EFBC}") = "FurnitureSystem.Xml", "FurnitureSystem.XML\FurnitureSystem.Xml.csproj", "{542710A4-8E58-4D32-B9E8-109D1290EBEB}"
EndProject
Project("{FAE04EC0-301F-11D3-BF4B-00C04F79EFBC}") = "FurnitureSystem.Pdf", "FurnitureSystem.Pdf\FurnitureSystem.Pdf.csproj", "{1E9C81A7-3BCA-4590-856A-0DB295ED2CD6}"
EndProject
Project("{FAE04EC0-301F-11D3-BF4B-00C04F79EFBC}") = "FurnitureSystem.Excel", "FurnitureSystem.Excel\FurnitureSystem.Excel.csproj", "{A36342FF-4A2F-4654-8589-8C9B9EB208CC}"
EndProject
Global
	GlobalSection(SolutionConfigurationPlatforms) = preSolution
		Debug|Any CPU = Debug|Any CPU
		Release|Any CPU = Release|Any CPU
	EndGlobalSection
	GlobalSection(ProjectConfigurationPlatforms) = postSolution
		{C8A225E8-E96E-4FD4-B8DD-729F36959856}.Debug|Any CPU.ActiveCfg = Debug|Any CPU
		{C8A225E8-E96E-4FD4-B8DD-729F36959856}.Debug|Any CPU.Build.0 = Debug|Any CPU
		{C8A225E8-E96E-4FD4-B8DD-729F36959856}.Release|Any CPU.ActiveCfg = Release|Any CPU
		{C8A225E8-E96E-4FD4-B8DD-729F36959856}.Release|Any CPU.Build.0 = Release|Any CPU
		{928DC2FA-787F-4DF1-B592-7392ADCDABEE}.Debug|Any CPU.ActiveCfg = Debug|Any CPU
		{928DC2FA-787F-4DF1-B592-7392ADCDABEE}.Debug|Any CPU.Build.0 = Debug|Any CPU
		{928DC2FA-787F-4DF1-B592-7392ADCDABEE}.Release|Any CPU.ActiveCfg = Release|Any CPU
		{928DC2FA-787F-4DF1-B592-7392ADCDABEE}.Release|Any CPU.Build.0 = Release|Any CPU
		{2CBF7F62-CE6E-45FD-B6AC-CC1A1684738B}.Debug|Any CPU.ActiveCfg = Debug|Any CPU
		{2CBF7F62-CE6E-45FD-B6AC-CC1A1684738B}.Debug|Any CPU.Build.0 = Debug|Any CPU
		{2CBF7F62-CE6E-45FD-B6AC-CC1A1684738B}.Release|Any CPU.ActiveCfg = Release|Any CPU
		{2CBF7F62-CE6E-45FD-B6AC-CC1A1684738B}.Release|Any CPU.Build.0 = Release|Any CPU
		{542710A4-8E58-4D32-B9E8-109D1290EBEB}.Debug|Any CPU.ActiveCfg = Debug|Any CPU
		{542710A4-8E58-4D32-B9E8-109D1290EBEB}.Debug|Any CPU.Build.0 = Debug|Any CPU
		{542710A4-8E58-4D32-B9E8-109D1290EBEB}.Release|Any CPU.ActiveCfg = Release|Any CPU
		{542710A4-8E58-4D32-B9E8-109D1290EBEB}.Release|Any CPU.Build.0 = Release|Any CPU
		{1E9C81A7-3BCA-4590-856A-0DB295ED2CD6}.Debug|Any CPU.ActiveCfg = Debug|Any CPU
		{1E9C81A7-3BCA-4590-856A-0DB295ED2CD6}.Debug|Any CPU.Build.0 = Debug|Any CPU
		{1E9C81A7-3BCA-4590-856A-0DB295ED2CD6}.Release|Any CPU.ActiveCfg = Release|Any CPU
		{1E9C81A7-3BCA-4590-856A-0DB295ED2CD6}.Release|Any CPU.Build.0 = Release|Any CPU
		{A36342FF-4A2F-4654-8589-8C9B9EB208CC}.Debug|Any CPU.ActiveCfg = Debug|Any CPU
		{A36342FF-4A2F-4654-8589-8C9B9EB208CC}.Debug|Any CPU.Build.0 = Debug|Any CPU
		{A36342FF-4A2F-4654-8589-8C9B9EB208CC}.Release|Any CPU.ActiveCfg = Release|Any CPU
		{A36342FF-4A2F-4654-8589-8C9B9EB208CC}.Release|Any CPU.Build.0 = Release|Any CPU
	EndGlobalSection
	GlobalSection(SolutionProperties) = preSolution
		HideSolutionNode = FALSE
	EndGlobalSection
EndGlobal
